# THIS IS AN AUTOGENERATED FILE. DO NOT EDIT THIS FILE DIRECTLY.
# yarn lockfile v1


foreachasync@^3.0.0:
  version "3.0.0"
  resolved "https://registry.yarnpkg.com/foreachasync/-/foreachasync-3.0.0.tgz#5502987dc8714be3392097f32e0071c9dee07cf6"
  integrity sha1-VQKYfchxS+M5IJfzLgBxyd7gfPY=

walk@^2.3.14:
  version "2.3.14"
  resolved "https://registry.yarnpkg.com/walk/-/walk-2.3.14.tgz#60ec8631cfd23276ae1e7363ce11d626452e1ef3"
  integrity sha512-5skcWAUmySj6hkBdH6B6+3ddMjVQYH5Qy9QGbPmN8kVmLteXk+yVXg+yfk1nbX30EYakahLrr8iPcCxJQSCBeg==
  dependencies:
    foreachasync "^3.0.0"
